# This file is automatically @generated by Cargo.
# It is not intended for manual editing.
version = 3

[[package]]
name = "cache"
version = "0.0.0"

[[package]]
name = "cli"
version = "0.0.0"

[[package]]
name = "codegen"
version = "0.0.0"

[[package]]
name = "dex"
version = "0.0.0"

[[package]]
name = "diagnostics"
version = "0.0.0"

[[package]]
name = "digital"
version = "0.0.0"

[[package]]
name = "drc"
version = "0.0.0"

[[package]]
name = "gds"
version = "0.0.0"

[[package]]
name = "geometry"
version = "0.0.0"

[[package]]
name = "layout"
version = "0.0.0"

[[package]]
name = "lef"
version = "0.0.0"

[[package]]
name = "lvs"
version = "0.0.0"

[[package]]
name = "par"
version = "0.0.0"

[[package]]
name = "pex"
version = "0.0.0"

[[package]]
name = "sbm"
version = "0.0.0"

[[package]]
name = "scg"
version = "0.0.0"

[[package]]
name = "schematic"
version = "0.0.0"

[[package]]
name = "sde"
version = "0.0.0"

[[package]]
name = "sim"
version = "0.0.0"

[[package]]
name = "subfile"
version = "0.0.0"

[[package]]
name = "substrate"
version = "0.0.0"

[[package]]
name = "tests"
version = "0.0.0"

[[package]]
name = "timing"
version = "0.0.0"
