# This file is automatically @generated by Cargo.
# It is not intended for manual editing.
version = 3

[[package]]
name = "array_map"
version = "0.4.0"
source = "registry+https://github.com/rust-lang/crates.io-index"
checksum = "d8918af69f2ecff99addb930228c0d8bff80afbcb95066f340edf9aeee60a76f"
dependencies = [
 "array_map_derive",
 "serde",
]

[[package]]
name = "array_map_derive"
version = "0.4.0"
source = "registry+https://github.com/rust-lang/crates.io-index"
checksum = "2d80f5e85ec5588c18988975cf98f6aeb06204e281e8e8f7fefc55e5a882d6c6"
dependencies = [
 "proc-macro2",
 "quote",
 "syn 1.0.109",
]

[[package]]
name = "cache"
version = "0.0.0"

[[package]]
name = "cli"
version = "0.0.0"

[[package]]
name = "codegen"
version = "0.0.0"

[[package]]
name = "dex"
version = "0.0.0"

[[package]]
name = "diagnostics"
version = "0.0.0"

[[package]]
name = "digital"
version = "0.0.0"

[[package]]
name = "drc"
version = "0.0.0"

[[package]]
name = "gds"
version = "0.0.0"

[[package]]
name = "geometry"
version = "0.1.0"
dependencies = [
 "array_map",
 "serde",
 "thiserror",
]

[[package]]
name = "layout"
version = "0.0.0"

[[package]]
name = "lef"
version = "0.0.0"

[[package]]
name = "lvs"
version = "0.0.0"

[[package]]
name = "par"
version = "0.0.0"

[[package]]
name = "pex"
version = "0.0.0"

[[package]]
name = "proc-macro2"
version = "1.0.60"
source = "registry+https://github.com/rust-lang/crates.io-index"
checksum = "dec2b086b7a862cf4de201096214fa870344cf922b2b30c167badb3af3195406"
dependencies = [
 "unicode-ident",
]

[[package]]
name = "quote"
version = "1.0.28"
source = "registry+https://github.com/rust-lang/crates.io-index"
checksum = "1b9ab9c7eadfd8df19006f1cf1a4aed13540ed5cbc047010ece5826e10825488"
dependencies = [
 "proc-macro2",
]

[[package]]
name = "sbm"
version = "0.0.0"

[[package]]
name = "scg"
version = "0.0.0"

[[package]]
name = "schematic"
version = "0.0.0"

[[package]]
name = "sde"
version = "0.0.0"

[[package]]
name = "serde"
version = "1.0.164"
source = "registry+https://github.com/rust-lang/crates.io-index"
checksum = "9e8c8cf938e98f769bc164923b06dce91cea1751522f46f8466461af04c9027d"
dependencies = [
 "serde_derive",
]

[[package]]
name = "serde_derive"
version = "1.0.164"
source = "registry+https://github.com/rust-lang/crates.io-index"
checksum = "d9735b638ccc51c28bf6914d90a2e9725b377144fc612c49a611fddd1b631d68"
dependencies = [
 "proc-macro2",
 "quote",
 "syn 2.0.18",
]

[[package]]
name = "sim"
version = "0.0.0"

[[package]]
name = "subfile"
version = "0.0.0"

[[package]]
name = "substrate"
version = "0.0.0"

[[package]]
name = "syn"
version = "1.0.109"
source = "registry+https://github.com/rust-lang/crates.io-index"
checksum = "72b64191b275b66ffe2469e8af2c1cfe3bafa67b529ead792a6d0160888b4237"
dependencies = [
 "proc-macro2",
 "quote",
 "unicode-ident",
]

[[package]]
name = "syn"
version = "2.0.18"
source = "registry+https://github.com/rust-lang/crates.io-index"
checksum = "32d41677bcbe24c20c52e7c70b0d8db04134c5d1066bf98662e2871ad200ea3e"
dependencies = [
 "proc-macro2",
 "quote",
 "unicode-ident",
]

[[package]]
name = "tests"
version = "0.0.0"

[[package]]
name = "thiserror"
version = "1.0.40"
source = "registry+https://github.com/rust-lang/crates.io-index"
checksum = "978c9a314bd8dc99be594bc3c175faaa9794be04a5a5e153caba6915336cebac"
dependencies = [
 "thiserror-impl",
]

[[package]]
name = "thiserror-impl"
version = "1.0.40"
source = "registry+https://github.com/rust-lang/crates.io-index"
checksum = "f9456a42c5b0d803c8cd86e73dd7cc9edd429499f37a3550d286d5e86720569f"
dependencies = [
 "proc-macro2",
 "quote",
 "syn 2.0.18",
]

[[package]]
name = "timing"
version = "0.0.0"

[[package]]
name = "unicode-ident"
version = "1.0.9"
source = "registry+https://github.com/rust-lang/crates.io-index"
checksum = "b15811caf2415fb889178633e7724bad2509101cde276048e013b9def5e51fa0"
